// !$*UTF8*$!
{
	archiveVersion = 1;
	classes = {
	};
	objectVersion = 50;
	objects = {

/* Begin PBXBuildFile section */
		56B236ED24643B74008746CB /* BasicTableViewCell.swift in Sources */ = {isa = PBXBuildFile; fileRef = 56B236EC24643B74008746CB /* BasicTableViewCell.swift */; };
		56F7D38F24630DD80096C1D6 /* AppDelegate.swift in Sources */ = {isa = PBXBuildFile; fileRef = 56F7D38E24630DD80096C1D6 /* AppDelegate.swift */; };
		56F7D39124630DD80096C1D6 /* SceneDelegate.swift in Sources */ = {isa = PBXBuildFile; fileRef = 56F7D39024630DD80096C1D6 /* SceneDelegate.swift */; };
		56F7D39624630DD80096C1D6 /* Main.storyboard in Resources */ = {isa = PBXBuildFile; fileRef = 56F7D39424630DD80096C1D6 /* Main.storyboard */; };
		56F7D39824630DDC0096C1D6 /* Assets.xcassets in Resources */ = {isa = PBXBuildFile; fileRef = 56F7D39724630DDC0096C1D6 /* Assets.xcassets */; };
		56F7D39B24630DDC0096C1D6 /* LaunchScreen.storyboard in Resources */ = {isa = PBXBuildFile; fileRef = 56F7D39924630DDC0096C1D6 /* LaunchScreen.storyboard */; };
		56F7D3A624630DDC0096C1D6 /* PlaySleepRecordAlarmTests.swift in Sources */ = {isa = PBXBuildFile; fileRef = 56F7D3A524630DDC0096C1D6 /* PlaySleepRecordAlarmTests.swift */; };
		56F7D3B5246434B30096C1D6 /* SleepAlarmViewController.swift in Sources */ = {isa = PBXBuildFile; fileRef = 56F7D3B4246434B30096C1D6 /* SleepAlarmViewController.swift */; };
		56F7D3B7246435420096C1D6 /* SleepAlarmViewModel.swift in Sources */ = {isa = PBXBuildFile; fileRef = 56F7D3B6246435420096C1D6 /* SleepAlarmViewModel.swift */; };
		56F7D3BA246436810096C1D6 /* Row.swift in Sources */ = {isa = PBXBuildFile; fileRef = 56F7D3B9246436810096C1D6 /* Row.swift */; };
/* End PBXBuildFile section */

/* Begin PBXContainerItemProxy section */
		56F7D3A224630DDC0096C1D6 /* PBXContainerItemProxy */ = {
			isa = PBXContainerItemProxy;
			containerPortal = 56F7D38324630DD70096C1D6 /* Project object */;
			proxyType = 1;
			remoteGlobalIDString = 56F7D38A24630DD70096C1D6;
			remoteInfo = PlaySleepRecordAlarm;
		};
/* End PBXContainerItemProxy section */

/* Begin PBXFileReference section */
		56B236EC24643B74008746CB /* BasicTableViewCell.swift */ = {isa = PBXFileReference; lastKnownFileType = sourcecode.swift; path = BasicTableViewCell.swift; sourceTree = "<group>"; };
		56F7D38B24630DD80096C1D6 /* PlaySleepRecordAlarm.app */ = {isa = PBXFileReference; explicitFileType = wrapper.application; includeInIndex = 0; path = PlaySleepRecordAlarm.app; sourceTree = BUILT_PRODUCTS_DIR; };
		56F7D38E24630DD80096C1D6 /* AppDelegate.swift */ = {isa = PBXFileReference; lastKnownFileType = sourcecode.swift; path = AppDelegate.swift; sourceTree = "<group>"; };
		56F7D39024630DD80096C1D6 /* SceneDelegate.swift */ = {isa = PBXFileReference; lastKnownFileType = sourcecode.swift; path = SceneDelegate.swift; sourceTree = "<group>"; };
		56F7D39524630DD80096C1D6 /* Base */ = {isa = PBXFileReference; lastKnownFileType = file.storyboard; name = Base; path = Base.lproj/Main.storyboard; sourceTree = "<group>"; };
		56F7D39724630DDC0096C1D6 /* Assets.xcassets */ = {isa = PBXFileReference; lastKnownFileType = folder.assetcatalog; path = Assets.xcassets; sourceTree = "<group>"; };
		56F7D39A24630DDC0096C1D6 /* Base */ = {isa = PBXFileReference; lastKnownFileType = file.storyboard; name = Base; path = Base.lproj/LaunchScreen.storyboard; sourceTree = "<group>"; };
		56F7D39C24630DDC0096C1D6 /* Info.plist */ = {isa = PBXFileReference; lastKnownFileType = text.plist.xml; path = Info.plist; sourceTree = "<group>"; };
		56F7D3A124630DDC0096C1D6 /* PlaySleepRecordAlarmTests.xctest */ = {isa = PBXFileReference; explicitFileType = wrapper.cfbundle; includeInIndex = 0; path = PlaySleepRecordAlarmTests.xctest; sourceTree = BUILT_PRODUCTS_DIR; };
		56F7D3A524630DDC0096C1D6 /* PlaySleepRecordAlarmTests.swift */ = {isa = PBXFileReference; lastKnownFileType = sourcecode.swift; path = PlaySleepRecordAlarmTests.swift; sourceTree = "<group>"; };
		56F7D3A724630DDC0096C1D6 /* Info.plist */ = {isa = PBXFileReference; lastKnownFileType = text.plist.xml; path = Info.plist; sourceTree = "<group>"; };
		56F7D3B4246434B30096C1D6 /* SleepAlarmViewController.swift */ = {isa = PBXFileReference; lastKnownFileType = sourcecode.swift; path = SleepAlarmViewController.swift; sourceTree = "<group>"; };
		56F7D3B6246435420096C1D6 /* SleepAlarmViewModel.swift */ = {isa = PBXFileReference; lastKnownFileType = sourcecode.swift; path = SleepAlarmViewModel.swift; sourceTree = "<group>"; };
		56F7D3B9246436810096C1D6 /* Row.swift */ = {isa = PBXFileReference; lastKnownFileType = sourcecode.swift; path = Row.swift; sourceTree = "<group>"; };
/* End PBXFileReference section */

/* Begin PBXFrameworksBuildPhase section */
		56F7D38824630DD70096C1D6 /* Frameworks */ = {
			isa = PBXFrameworksBuildPhase;
			buildActionMask = 2147483647;
			files = (
			);
			runOnlyForDeploymentPostprocessing = 0;
		};
		56F7D39E24630DDC0096C1D6 /* Frameworks */ = {
			isa = PBXFrameworksBuildPhase;
			buildActionMask = 2147483647;
			files = (
			);
			runOnlyForDeploymentPostprocessing = 0;
		};
/* End PBXFrameworksBuildPhase section */

/* Begin PBXGroup section */
		56F7D38224630DD70096C1D6 = {
			isa = PBXGroup;
			children = (
				56F7D38D24630DD80096C1D6 /* PlaySleepRecordAlarm */,
				56F7D3A424630DDC0096C1D6 /* PlaySleepRecordAlarmTests */,
				56F7D38C24630DD80096C1D6 /* Products */,
			);
			sourceTree = "<group>";
		};
		56F7D38C24630DD80096C1D6 /* Products */ = {
			isa = PBXGroup;
			children = (
				56F7D38B24630DD80096C1D6 /* PlaySleepRecordAlarm.app */,
				56F7D3A124630DDC0096C1D6 /* PlaySleepRecordAlarmTests.xctest */,
			);
			name = Products;
			sourceTree = "<group>";
		};
		56F7D38D24630DD80096C1D6 /* PlaySleepRecordAlarm */ = {
			isa = PBXGroup;
			children = (
				56F7D3B0246340050096C1D6 /* Classes */,
				56F7D3B1246340130096C1D6 /* Resources */,
				56F7D39C24630DDC0096C1D6 /* Info.plist */,
			);
			path = PlaySleepRecordAlarm;
			sourceTree = "<group>";
		};
		56F7D3A424630DDC0096C1D6 /* PlaySleepRecordAlarmTests */ = {
			isa = PBXGroup;
			children = (
				56F7D3A524630DDC0096C1D6 /* PlaySleepRecordAlarmTests.swift */,
				56F7D3A724630DDC0096C1D6 /* Info.plist */,
			);
			path = PlaySleepRecordAlarmTests;
			sourceTree = "<group>";
		};
		56F7D3B0246340050096C1D6 /* Classes */ = {
			isa = PBXGroup;
			children = (
				56F7D38E24630DD80096C1D6 /* AppDelegate.swift */,
				56F7D39024630DD80096C1D6 /* SceneDelegate.swift */,
				56F7D3B82464366C0096C1D6 /* Rows */,
				56F7D3B22463505A0096C1D6 /* Screens */,
			);
			path = Classes;
			sourceTree = "<group>";
		};
		56F7D3B1246340130096C1D6 /* Resources */ = {
			isa = PBXGroup;
			children = (
				56F7D39424630DD80096C1D6 /* Main.storyboard */,
				56F7D39724630DDC0096C1D6 /* Assets.xcassets */,
				56F7D39924630DDC0096C1D6 /* LaunchScreen.storyboard */,
			);
			path = Resources;
			sourceTree = "<group>";
		};
		56F7D3B22463505A0096C1D6 /* Screens */ = {
			isa = PBXGroup;
			children = (
				56F7D3B3246350690096C1D6 /* SleepAlarm */,
			);
			path = Screens;
			sourceTree = "<group>";
		};
		56F7D3B3246350690096C1D6 /* SleepAlarm */ = {
			isa = PBXGroup;
			children = (
				56F7D3B4246434B30096C1D6 /* SleepAlarmViewController.swift */,
				56F7D3B6246435420096C1D6 /* SleepAlarmViewModel.swift */,
			);
			path = SleepAlarm;
			sourceTree = "<group>";
		};
		56F7D3B82464366C0096C1D6 /* Rows */ = {
			isa = PBXGroup;
			children = (
				56B236EC24643B74008746CB /* BasicTableViewCell.swift */,
				56F7D3B9246436810096C1D6 /* Row.swift */,
			);
			path = Rows;
			sourceTree = "<group>";
		};
/* End PBXGroup section */

/* Begin PBXNativeTarget section */
		56F7D38A24630DD70096C1D6 /* PlaySleepRecordAlarm */ = {
			isa = PBXNativeTarget;
			buildConfigurationList = 56F7D3AA24630DDC0096C1D6 /* Build configuration list for PBXNativeTarget "PlaySleepRecordAlarm" */;
			buildPhases = (
				56F7D38724630DD70096C1D6 /* Sources */,
				56F7D38824630DD70096C1D6 /* Frameworks */,
				56F7D38924630DD70096C1D6 /* Resources */,
			);
			buildRules = (
			);
			dependencies = (
			);
			name = PlaySleepRecordAlarm;
			productName = PlaySleepRecordAlarm;
			productReference = 56F7D38B24630DD80096C1D6 /* PlaySleepRecordAlarm.app */;
			productType = "com.apple.product-type.application";
		};
		56F7D3A024630DDC0096C1D6 /* PlaySleepRecordAlarmTests */ = {
			isa = PBXNativeTarget;
			buildConfigurationList = 56F7D3AD24630DDC0096C1D6 /* Build configuration list for PBXNativeTarget "PlaySleepRecordAlarmTests" */;
			buildPhases = (
				56F7D39D24630DDC0096C1D6 /* Sources */,
				56F7D39E24630DDC0096C1D6 /* Frameworks */,
				56F7D39F24630DDC0096C1D6 /* Resources */,
			);
			buildRules = (
			);
			dependencies = (
				56F7D3A324630DDC0096C1D6 /* PBXTargetDependency */,
			);
			name = PlaySleepRecordAlarmTests;
			productName = PlaySleepRecordAlarmTests;
			productReference = 56F7D3A124630DDC0096C1D6 /* PlaySleepRecordAlarmTests.xctest */;
			productType = "com.apple.product-type.bundle.unit-test";
		};
/* End PBXNativeTarget section */

/* Begin PBXProject section */
		56F7D38324630DD70096C1D6 /* Project object */ = {
			isa = PBXProject;
			attributes = {
				LastSwiftUpdateCheck = 1130;
				LastUpgradeCheck = 1130;
				ORGANIZATIONNAME = None;
				TargetAttributes = {
					56F7D38A24630DD70096C1D6 = {
						CreatedOnToolsVersion = 11.3.1;
					};
					56F7D3A024630DDC0096C1D6 = {
						CreatedOnToolsVersion = 11.3.1;
						TestTargetID = 56F7D38A24630DD70096C1D6;
					};
				};
			};
			buildConfigurationList = 56F7D38624630DD70096C1D6 /* Build configuration list for PBXProject "PlaySleepRecordAlarm" */;
			compatibilityVersion = "Xcode 9.3";
			developmentRegion = en;
			hasScannedForEncodings = 0;
			knownRegions = (
				en,
				Base,
			);
			mainGroup = 56F7D38224630DD70096C1D6;
			productRefGroup = 56F7D38C24630DD80096C1D6 /* Products */;
			projectDirPath = "";
			projectRoot = "";
			targets = (
				56F7D38A24630DD70096C1D6 /* PlaySleepRecordAlarm */,
				56F7D3A024630DDC0096C1D6 /* PlaySleepRecordAlarmTests */,
			);
		};
/* End PBXProject section */

/* Begin PBXResourcesBuildPhase section */
		56F7D38924630DD70096C1D6 /* Resources */ = {
			isa = PBXResourcesBuildPhase;
			buildActionMask = 2147483647;
			files = (
				56F7D39B24630DDC0096C1D6 /* LaunchScreen.storyboard in Resources */,
				56F7D39824630DDC0096C1D6 /* Assets.xcassets in Resources */,
				56F7D39624630DD80096C1D6 /* Main.storyboard in Resources */,
			);
			runOnlyForDeploymentPostprocessing = 0;
		};
		56F7D39F24630DDC0096C1D6 /* Resources */ = {
			isa = PBXResourcesBuildPhase;
			buildActionMask = 2147483647;
			files = (
			);
			runOnlyForDeploymentPostprocessing = 0;
		};
/* End PBXResourcesBuildPhase section */

/* Begin PBXSourcesBuildPhase section */
		56F7D38724630DD70096C1D6 /* Sources */ = {
			isa = PBXSourcesBuildPhase;
			buildActionMask = 2147483647;
			files = (
				56F7D38F24630DD80096C1D6 /* AppDelegate.swift in Sources */,
				56F7D39124630DD80096C1D6 /* SceneDelegate.swift in Sources */,
				56B236ED24643B74008746CB /* BasicTableViewCell.swift in Sources */,
				56F7D3B7246435420096C1D6 /* SleepAlarmViewModel.swift in Sources */,
				56F7D3BA246436810096C1D6 /* Row.swift in Sources */,
				56F7D3B5246434B30096C1D6 /* SleepAlarmViewController.swift in Sources */,
			);
			runOnlyForDeploymentPostprocessing = 0;
		};
		56F7D39D24630DDC0096C1D6 /* Sources */ = {
			isa = PBXSourcesBuildPhase;
			buildActionMask = 2147483647;
			files = (
				56F7D3A624630DDC0096C1D6 /* PlaySleepRecordAlarmTests.swift in Sources */,
			);
			runOnlyForDeploymentPostprocessing = 0;
		};
/* End PBXSourcesBuildPhase section */

/* Begin PBXTargetDependency section */
		56F7D3A324630DDC0096C1D6 /* PBXTargetDependency */ = {
			isa = PBXTargetDependency;
			target = 56F7D38A24630DD70096C1D6 /* PlaySleepRecordAlarm */;
			targetProxy = 56F7D3A224630DDC0096C1D6 /* PBXContainerItemProxy */;
		};
/* End PBXTargetDependency section */

/* Begin PBXVariantGroup section */
		56F7D39424630DD80096C1D6 /* Main.storyboard */ = {
			isa = PBXVariantGroup;
			children = (
				56F7D39524630DD80096C1D6 /* Base */,
			);
			name = Main.storyboard;
			sourceTree = "<group>";
		};
		56F7D39924630DDC0096C1D6 /* LaunchScreen.storyboard */ = {
			isa = PBXVariantGroup;
			children = (
				56F7D39A24630DDC0096C1D6 /* Base */,
			);
			name = LaunchScreen.storyboard;
			sourceTree = "<group>";
		};
/* End PBXVariantGroup section */

/* Begin XCBuildConfiguration section */
		56F7D3A824630DDC0096C1D6 /* Debug */ = {
			isa = XCBuildConfiguration;
			buildSettings = {
				ALWAYS_SEARCH_USER_PATHS = NO;
				CLANG_ANALYZER_NONNULL = YES;
				CLANG_ANALYZER_NUMBER_OBJECT_CONVERSION = YES_AGGRESSIVE;
				CLANG_CXX_LANGUAGE_STANDARD = "gnu++14";
				CLANG_CXX_LIBRARY = "libc++";
				CLANG_ENABLE_MODULES = YES;
				CLANG_ENABLE_OBJC_ARC = YES;
				CLANG_ENABLE_OBJC_WEAK = YES;
				CLANG_WARN_BLOCK_CAPTURE_AUTORELEASING = YES;
				CLANG_WARN_BOOL_CONVERSION = YES;
				CLANG_WARN_COMMA = YES;
				CLANG_WARN_CONSTANT_CONVERSION = YES;
				CLANG_WARN_DEPRECATED_OBJC_IMPLEMENTATIONS = YES;
				CLANG_WARN_DIRECT_OBJC_ISA_USAGE = YES_ERROR;
				CLANG_WARN_DOCUMENTATION_COMMENTS = YES;
				CLANG_WARN_EMPTY_BODY = YES;
				CLANG_WARN_ENUM_CONVERSION = YES;
				CLANG_WARN_INFINITE_RECURSION = YES;
				CLANG_WARN_INT_CONVERSION = YES;
				CLANG_WARN_NON_LITERAL_NULL_CONVERSION = YES;
				CLANG_WARN_OBJC_IMPLICIT_RETAIN_SELF = YES;
				CLANG_WARN_OBJC_LITERAL_CONVERSION = YES;
				CLANG_WARN_OBJC_ROOT_CLASS = YES_ERROR;
				CLANG_WARN_RANGE_LOOP_ANALYSIS = YES;
				CLANG_WARN_STRICT_PROTOTYPES = YES;
				CLANG_WARN_SUSPICIOUS_MOVE = YES;
				CLANG_WARN_UNGUARDED_AVAILABILITY = YES_AGGRESSIVE;
				CLANG_WARN_UNREACHABLE_CODE = YES;
				CLANG_WARN__DUPLICATE_METHOD_MATCH = YES;
				COPY_PHASE_STRIP = NO;
				DEBUG_INFORMATION_FORMAT = dwarf;
				ENABLE_STRICT_OBJC_MSGSEND = YES;
				ENABLE_TESTABILITY = YES;
				GCC_C_LANGUAGE_STANDARD = gnu11;
				GCC_DYNAMIC_NO_PIC = NO;
				GCC_NO_COMMON_BLOCKS = YES;
				GCC_OPTIMIZATION_LEVEL = 0;
				GCC_PREPROCESSOR_DEFINITIONS = (
					"DEBUG=1",
					"$(inherited)",
				);
				GCC_WARN_64_TO_32_BIT_CONVERSION = YES;
				GCC_WARN_ABOUT_RETURN_TYPE = YES_ERROR;
				GCC_WARN_UNDECLARED_SELECTOR = YES;
				GCC_WARN_UNINITIALIZED_AUTOS = YES_AGGRESSIVE;
				GCC_WARN_UNUSED_FUNCTION = YES;
				GCC_WARN_UNUSED_VARIABLE = YES;
				IPHONEOS_DEPLOYMENT_TARGET = 13.2;
				MTL_ENABLE_DEBUG_INFO = INCLUDE_SOURCE;
				MTL_FAST_MATH = YES;
				ONLY_ACTIVE_ARCH = YES;
				SDKROOT = iphoneos;
				SWIFT_ACTIVE_COMPILATION_CONDITIONS = DEBUG;
				SWIFT_OPTIMIZATION_LEVEL = "-Onone";
			};
			name = Debug;
		};
		56F7D3A924630DDC0096C1D6 /* Release */ = {
			isa = XCBuildConfiguration;
			buildSettings = {
				ALWAYS_SEARCH_USER_PATHS = NO;
				CLANG_ANALYZER_NONNULL = YES;
				CLANG_ANALYZER_NUMBER_OBJECT_CONVERSION = YES_AGGRESSIVE;
				CLANG_CXX_LANGUAGE_STANDARD = "gnu++14";
				CLANG_CXX_LIBRARY = "libc++";
				CLANG_ENABLE_MODULES = YES;
				CLANG_ENABLE_OBJC_ARC = YES;
				CLANG_ENABLE_OBJC_WEAK = YES;
				CLANG_WARN_BLOCK_CAPTURE_AUTORELEASING = YES;
				CLANG_WARN_BOOL_CONVERSION = YES;
				CLANG_WARN_COMMA = YES;
				CLANG_WARN_CONSTANT_CONVERSION = YES;
				CLANG_WARN_DEPRECATED_OBJC_IMPLEMENTATIONS = YES;
				CLANG_WARN_DIRECT_OBJC_ISA_USAGE = YES_ERROR;
				CLANG_WARN_DOCUMENTATION_COMMENTS = YES;
				CLANG_WARN_EMPTY_BODY = YES;
				CLANG_WARN_ENUM_CONVERSION = YES;
				CLANG_WARN_INFINITE_RECURSION = YES;
				CLANG_WARN_INT_CONVERSION = YES;
				CLANG_WARN_NON_LITERAL_NULL_CONVERSION = YES;
				CLANG_WARN_OBJC_IMPLICIT_RETAIN_SELF = YES;
				CLANG_WARN_OBJC_LITERAL_CONVERSION = YES;
				CLANG_WARN_OBJC_ROOT_CLASS = YES_ERROR;
				CLANG_WARN_RANGE_LOOP_ANALYSIS = YES;
				CLANG_WARN_STRICT_PROTOTYPES = YES;
				CLANG_WARN_SUSPICIOUS_MOVE = YES;
				CLANG_WARN_UNGUARDED_AVAILABILITY = YES_AGGRESSIVE;
				CLANG_WARN_UNREACHABLE_CODE = YES;
				CLANG_WARN__DUPLICATE_METHOD_MATCH = YES;
				COPY_PHASE_STRIP = NO;
				DEBUG_INFORMATION_FORMAT = "dwarf-with-dsym";
				ENABLE_NS_ASSERTIONS = NO;
				ENABLE_STRICT_OBJC_MSGSEND = YES;
				GCC_C_LANGUAGE_STANDARD = gnu11;
				GCC_NO_COMMON_BLOCKS = YES;
				GCC_WARN_64_TO_32_BIT_CONVERSION = YES;
				GCC_WARN_ABOUT_RETURN_TYPE = YES_ERROR;
				GCC_WARN_UNDECLARED_SELECTOR = YES;
				GCC_WARN_UNINITIALIZED_AUTOS = YES_AGGRESSIVE;
				GCC_WARN_UNUSED_FUNCTION = YES;
				GCC_WARN_UNUSED_VARIABLE = YES;
				IPHONEOS_DEPLOYMENT_TARGET = 13.2;
				MTL_ENABLE_DEBUG_INFO = NO;
				MTL_FAST_MATH = YES;
				SDKROOT = iphoneos;
				SWIFT_COMPILATION_MODE = wholemodule;
				SWIFT_OPTIMIZATION_LEVEL = "-O";
				VALIDATE_PRODUCT = YES;
			};
			name = Release;
		};
		56F7D3AB24630DDC0096C1D6 /* Debug */ = {
			isa = XCBuildConfiguration;
			buildSettings = {
				ASSETCATALOG_COMPILER_APPICON_NAME = AppIcon;
				CODE_SIGN_STYLE = Automatic;
				DEVELOPMENT_TEAM = 8LSQFTQ66J;
				INFOPLIST_FILE = PlaySleepRecordAlarm/Info.plist;
				LD_RUNPATH_SEARCH_PATHS = (
					"$(inherited)",
					"@executable_path/Frameworks",
				);
				PRODUCT_BUNDLE_IDENTIFIER = com.vlanis.PlaySleepRecordAlarm;
				PRODUCT_NAME = "$(TARGET_NAME)";
				SWIFT_VERSION = 5.0;
				TARGETED_DEVICE_FAMILY = "1,2";
			};
			name = Debug;
		};
		56F7D3AC24630DDC0096C1D6 /* Release */ = {
			isa = XCBuildConfiguration;
			buildSettings = {
				ASSETCATALOG_COMPILER_APPICON_NAME = AppIcon;
				CODE_SIGN_STYLE = Automatic;
				DEVELOPMENT_TEAM = 8LSQFTQ66J;
				INFOPLIST_FILE = PlaySleepRecordAlarm/Info.plist;
				LD_RUNPATH_SEARCH_PATHS = (
					"$(inherited)",
					"@executable_path/Frameworks",
				);
				PRODUCT_BUNDLE_IDENTIFIER = com.vlanis.PlaySleepRecordAlarm;
				PRODUCT_NAME = "$(TARGET_NAME)";
				SWIFT_VERSION = 5.0;
				TARGETED_DEVICE_FAMILY = "1,2";
			};
			name = Release;
		};
		56F7D3AE24630DDC0096C1D6 /* Debug */ = {
			isa = XCBuildConfiguration;
			buildSettings = {
				ALWAYS_EMBED_SWIFT_STANDARD_LIBRARIES = YES;
				BUNDLE_LOADER = "$(TEST_HOST)";
				CODE_SIGN_STYLE = Automatic;
				DEVELOPMENT_TEAM = 8LSQFTQ66J;
				INFOPLIST_FILE = PlaySleepRecordAlarmTests/Info.plist;
				IPHONEOS_DEPLOYMENT_TARGET = 13.2;
				LD_RUNPATH_SEARCH_PATHS = (
					"$(inherited)",
					"@executable_path/Frameworks",
					"@loader_path/Frameworks",
				);
				PRODUCT_BUNDLE_IDENTIFIER = com.vlanis.PlaySleepRecordAlarmTests;
				PRODUCT_NAME = "$(TARGET_NAME)";
				SWIFT_VERSION = 5.0;
				TARGETED_DEVICE_FAMILY = "1,2";
				TEST_HOST = "$(BUILT_PRODUCTS_DIR)/PlaySleepRecordAlarm.app/PlaySleepRecordAlarm";
			};
			name = Debug;
		};
		56F7D3AF24630DDC0096C1D6 /* Release */ = {
			isa = XCBuildConfiguration;
			buildSettings = {
				ALWAYS_EMBED_SWIFT_STANDARD_LIBRARIES = YES;
				BUNDLE_LOADER = "$(TEST_HOST)";
				CODE_SIGN_STYLE = Automatic;
				DEVELOPMENT_TEAM = 8LSQFTQ66J;
				INFOPLIST_FILE = PlaySleepRecordAlarmTests/Info.plist;
				IPHONEOS_DEPLOYMENT_TARGET = 13.2;
				LD_RUNPATH_SEARCH_PATHS = (
					"$(inherited)",
					"@executable_path/Frameworks",
					"@loader_path/Frameworks",
				);
				PRODUCT_BUNDLE_IDENTIFIER = com.vlanis.PlaySleepRecordAlarmTests;
				PRODUCT_NAME = "$(TARGET_NAME)";
				SWIFT_VERSION = 5.0;
				TARGETED_DEVICE_FAMILY = "1,2";
				TEST_HOST = "$(BUILT_PRODUCTS_DIR)/PlaySleepRecordAlarm.app/PlaySleepRecordAlarm";
			};
			name = Release;
		};
/* End XCBuildConfiguration section */

/* Begin XCConfigurationList section */
		56F7D38624630DD70096C1D6 /* Build configuration list for PBXProject "PlaySleepRecordAlarm" */ = {
			isa = XCConfigurationList;
			buildConfigurations = (
				56F7D3A824630DDC0096C1D6 /* Debug */,
				56F7D3A924630DDC0096C1D6 /* Release */,
			);
			defaultConfigurationIsVisible = 0;
			defaultConfigurationName = Release;
		};
		56F7D3AA24630DDC0096C1D6 /* Build configuration list for PBXNativeTarget "PlaySleepRecordAlarm" */ = {
			isa = XCConfigurationList;
			buildConfigurations = (
				56F7D3AB24630DDC0096C1D6 /* Debug */,
				56F7D3AC24630DDC0096C1D6 /* Release */,
			);
			defaultConfigurationIsVisible = 0;
			defaultConfigurationName = Release;
		};
		56F7D3AD24630DDC0096C1D6 /* Build configuration list for PBXNativeTarget "PlaySleepRecordAlarmTests" */ = {
			isa = XCConfigurationList;
			buildConfigurations = (
				56F7D3AE24630DDC0096C1D6 /* Debug */,
				56F7D3AF24630DDC0096C1D6 /* Release */,
			);
			defaultConfigurationIsVisible = 0;
			defaultConfigurationName = Release;
		};
/* End XCConfigurationList section */
	};
	rootObject = 56F7D38324630DD70096C1D6 /* Project object */;
}
